
Microsoft Visual Studio Solution File, Format Version 12.00
# Visual Studio Version 17
VisualStudioVersion = 17.3.32901.215
MinimumVisualStudioVersion = 10.0.40219.1
Project("{8BC9CEB8-8B4A-11D0-8D11-00A0C91BC942}") = "SuperTicTacToe", "SuperTicTacToe\SuperTicTacToe.vcxproj", "{05CC3139-831F-41E8-BB98-71482673307C}"
EndProject
Project("{8BC9CEB8-8B4A-11D0-8D11-00A0C91BC942}") = "TicTacToe", "TicTacToe\TicTacToe.vcxproj", "{57356994-2902-42F2-8AAE-BEE27737BDB9}"
EndProject
Project("{8BC9CEB8-8B4A-11D0-8D11-00A0C91BC942}") = "TicTacToe9x9", "TicTacToe9x9\TicTacToe9x9.vcxproj", "{2D8CE346-1FBD-46F8-B0CB-BC701F8F2B72}"
EndProject
Global
	GlobalSection(SolutionConfigurationPlatforms) = preSolution
		Debug|x64 = Debug|x64
		Debug|x86 = Debug|x86
		Release|x64 = Release|x64
		Release|x86 = Release|x86
	EndGlobalSection
	GlobalSection(ProjectConfigurationPlatforms) = postSolution
		{05CC3139-831F-41E8-BB98-71482673307C}.Debug|x64.ActiveCfg = Debug|x64
		{05CC3139-831F-41E8-BB98-71482673307C}.Debug|x64.Build.0 = Debug|x64
		{05CC3139-831F-41E8-BB98-71482673307C}.Debug|x86.ActiveCfg = Debug|Win32
		{05CC3139-831F-41E8-BB98-71482673307C}.Debug|x86.Build.0 = Debug|Win32
		{05CC3139-831F-41E8-BB98-71482673307C}.Release|x64.ActiveCfg = Release|x64
		{05CC3139-831F-41E8-BB98-71482673307C}.Release|x64.Build.0 = Release|x64
		{05CC3139-831F-41E8-BB98-71482673307C}.Release|x86.ActiveCfg = Release|Win32
		{05CC3139-831F-41E8-BB98-71482673307C}.Release|x86.Build.0 = Release|Win32
		{57356994-2902-42F2-8AAE-BEE27737BDB9}.Debug|x64.ActiveCfg = Debug|x64
		{57356994-2902-42F2-8AAE-BEE27737BDB9}.Debug|x64.Build.0 = Debug|x64
		{57356994-2902-42F2-8AAE-BEE27737BDB9}.Debug|x86.ActiveCfg = Debug|Win32
		{57356994-2902-42F2-8AAE-BEE27737BDB9}.Debug|x86.Build.0 = Debug|Win32
		{57356994-2902-42F2-8AAE-BEE27737BDB9}.Release|x64.ActiveCfg = Release|x64
		{57356994-2902-42F2-8AAE-BEE27737BDB9}.Release|x64.Build.0 = Release|x64
		{57356994-2902-42F2-8AAE-BEE27737BDB9}.Release|x86.ActiveCfg = Release|Win32
		{57356994-2902-42F2-8AAE-BEE27737BDB9}.Release|x86.Build.0 = Release|Win32
		{2D8CE346-1FBD-46F8-B0CB-BC701F8F2B72}.Debug|x64.ActiveCfg = Debug|x64
		{2D8CE346-1FBD-46F8-B0CB-BC701F8F2B72}.Debug|x64.Build.0 = Debug|x64
		{2D8CE346-1FBD-46F8-B0CB-BC701F8F2B72}.Debug|x86.ActiveCfg = Debug|Win32
		{2D8CE346-1FBD-46F8-B0CB-BC701F8F2B72}.Debug|x86.Build.0 = Debug|Win32
		{2D8CE346-1FBD-46F8-B0CB-BC701F8F2B72}.Release|x64.ActiveCfg = Release|x64
		{2D8CE346-1FBD-46F8-B0CB-BC701F8F2B72}.Release|x64.Build.0 = Release|x64
		{2D8CE346-1FBD-46F8-B0CB-BC701F8F2B72}.Release|x86.ActiveCfg = Release|Win32
		{2D8CE346-1FBD-46F8-B0CB-BC701F8F2B72}.Release|x86.Build.0 = Release|Win32
	EndGlobalSection
	GlobalSection(SolutionProperties) = preSolution
		HideSolutionNode = FALSE
	EndGlobalSection
	GlobalSection(ExtensibilityGlobals) = postSolution
		SolutionGuid = {C17813FF-29F5-456E-89E4-BE4070E9D508}
	EndGlobalSection
EndGlobal
